// !$*UTF8*$!
{
	archiveVersion = 1;
	classes = {
	};
	objectVersion = 77;
	objects = {

/* Begin PBXBuildFile section */
		5EE185112D45B3600037F0DB /* GoogleGenerativeAI in Frameworks */ = {isa = PBXBuildFile; productRef = 5EE185102D45B3600037F0DB /* GoogleGenerativeAI */; };
/* End PBXBuildFile section */

/* Begin PBXContainerItemProxy section */
		C93983252D4540BC00D53D80 /* PBXContainerItemProxy */ = {
			isa = PBXContainerItemProxy;
			containerPortal = C93983052D4540BC00D53D80 /* Project object */;
			proxyType = 1;
			remoteGlobalIDString = C939830C2D4540BC00D53D80;
			remoteInfo = "Better Gator";
		};
		C939832F2D4540BD00D53D80 /* PBXContainerItemProxy */ = {
			isa = PBXContainerItemProxy;
			containerPortal = C93983052D4540BC00D53D80 /* Project object */;
			proxyType = 1;
			remoteGlobalIDString = C939830C2D4540BC00D53D80;
			remoteInfo = "Better Gator";
		};
/* End PBXContainerItemProxy section */

/* Begin PBXFileReference section */
		C939830D2D4540BC00D53D80 /* Better Gator.app */ = {isa = PBXFileReference; explicitFileType = wrapper.application; includeInIndex = 0; path = "Better Gator.app"; sourceTree = BUILT_PRODUCTS_DIR; };
		C93983242D4540BC00D53D80 /* Better GatorTests.xctest */ = {isa = PBXFileReference; explicitFileType = wrapper.cfbundle; includeInIndex = 0; path = "Better GatorTests.xctest"; sourceTree = BUILT_PRODUCTS_DIR; };
		C939832E2D4540BD00D53D80 /* Better GatorUITests.xctest */ = {isa = PBXFileReference; explicitFileType = wrapper.cfbundle; includeInIndex = 0; path = "Better GatorUITests.xctest"; sourceTree = BUILT_PRODUCTS_DIR; };
/* End PBXFileReference section */

/* Begin PBXFileSystemSynchronizedBuildFileExceptionSet section */
		C93983362D4540BD00D53D80 /* Exceptions for "Better Gator" folder in "Better Gator" target */ = {
			isa = PBXFileSystemSynchronizedBuildFileExceptionSet;
			membershipExceptions = (
				Info.plist,
			);
			target = C939830C2D4540BC00D53D80 /* Better Gator */;
		};
/* End PBXFileSystemSynchronizedBuildFileExceptionSet section */

/* Begin PBXFileSystemSynchronizedRootGroup section */
		C939830F2D4540BC00D53D80 /* Better Gator */ = {
			isa = PBXFileSystemSynchronizedRootGroup;
			exceptions = (
				C93983362D4540BD00D53D80 /* Exceptions for "Better Gator" folder in "Better Gator" target */,
			);
			path = "Better Gator";
			sourceTree = "<group>";
		};
		C93983272D4540BC00D53D80 /* Better GatorTests */ = {
			isa = PBXFileSystemSynchronizedRootGroup;
			path = "Better GatorTests";
			sourceTree = "<group>";
		};
		C93983312D4540BD00D53D80 /* Better GatorUITests */ = {
			isa = PBXFileSystemSynchronizedRootGroup;
			path = "Better GatorUITests";
			sourceTree = "<group>";
		};
/* End PBXFileSystemSynchronizedRootGroup section */

/* Begin PBXFrameworksBuildPhase section */
		C939830A2D4540BC00D53D80 /* Frameworks */ = {
			isa = PBXFrameworksBuildPhase;
			buildActionMask = 2147483647;
			files = (
				5EE185112D45B3600037F0DB /* GoogleGenerativeAI in Frameworks */,
			);
			runOnlyForDeploymentPostprocessing = 0;
		};
		C93983212D4540BC00D53D80 /* Frameworks */ = {
			isa = PBXFrameworksBuildPhase;
			buildActionMask = 2147483647;
			files = (
			);
			runOnlyForDeploymentPostprocessing = 0;
		};
		C939832B2D4540BD00D53D80 /* Frameworks */ = {
			isa = PBXFrameworksBuildPhase;
			buildActionMask = 2147483647;
			files = (
			);
			runOnlyForDeploymentPostprocessing = 0;
		};
/* End PBXFrameworksBuildPhase section */

/* Begin PBXGroup section */
		C93983042D4540BC00D53D80 = {
			isa = PBXGroup;
			children = (
				C939830F2D4540BC00D53D80 /* Better Gator */,
				C93983272D4540BC00D53D80 /* Better GatorTests */,
				C93983312D4540BD00D53D80 /* Better GatorUITests */,
				C939830E2D4540BC00D53D80 /* Products */,
			);
			sourceTree = "<group>";
		};
		C939830E2D4540BC00D53D80 /* Products */ = {
			isa = PBXGroup;
			children = (
				C939830D2D4540BC00D53D80 /* Better Gator.app */,
				C93983242D4540BC00D53D80 /* Better GatorTests.xctest */,
				C939832E2D4540BD00D53D80 /* Better GatorUITests.xctest */,
			);
			name = Products;
			sourceTree = "<group>";
		};
/* End PBXGroup section */

/* Begin PBXNativeTarget section */
		C939830C2D4540BC00D53D80 /* Better Gator */ = {
			isa = PBXNativeTarget;
			buildConfigurationList = C93983372D4540BD00D53D80 /* Build configuration list for PBXNativeTarget "Better Gator" */;
			buildPhases = (
				C93983092D4540BC00D53D80 /* Sources */,
				C939830A2D4540BC00D53D80 /* Frameworks */,
				C939830B2D4540BC00D53D80 /* Resources */,
			);
			buildRules = (
			);
			dependencies = (
			);
			fileSystemSynchronizedGroups = (
				C939830F2D4540BC00D53D80 /* Better Gator */,
			);
			name = "Better Gator";
			packageProductDependencies = (
				5EE185102D45B3600037F0DB /* GoogleGenerativeAI */,
			);
			productName = "Better Gator";
			productReference = C939830D2D4540BC00D53D80 /* Better Gator.app */;
			productType = "com.apple.product-type.application";
		};
		C93983232D4540BC00D53D80 /* Better GatorTests */ = {
			isa = PBXNativeTarget;
			buildConfigurationList = C939833C2D4540BD00D53D80 /* Build configuration list for PBXNativeTarget "Better GatorTests" */;
			buildPhases = (
				C93983202D4540BC00D53D80 /* Sources */,
				C93983212D4540BC00D53D80 /* Frameworks */,
				C93983222D4540BC00D53D80 /* Resources */,
			);
			buildRules = (
			);
			dependencies = (
				C93983262D4540BC00D53D80 /* PBXTargetDependency */,
			);
			fileSystemSynchronizedGroups = (
				C93983272D4540BC00D53D80 /* Better GatorTests */,
			);
			name = "Better GatorTests";
			packageProductDependencies = (
			);
			productName = "Better GatorTests";
			productReference = C93983242D4540BC00D53D80 /* Better GatorTests.xctest */;
			productType = "com.apple.product-type.bundle.unit-test";
		};
		C939832D2D4540BD00D53D80 /* Better GatorUITests */ = {
			isa = PBXNativeTarget;
			buildConfigurationList = C939833F2D4540BD00D53D80 /* Build configuration list for PBXNativeTarget "Better GatorUITests" */;
			buildPhases = (
				C939832A2D4540BD00D53D80 /* Sources */,
				C939832B2D4540BD00D53D80 /* Frameworks */,
				C939832C2D4540BD00D53D80 /* Resources */,
			);
			buildRules = (
			);
			dependencies = (
				C93983302D4540BD00D53D80 /* PBXTargetDependency */,
			);
			fileSystemSynchronizedGroups = (
				C93983312D4540BD00D53D80 /* Better GatorUITests */,
			);
			name = "Better GatorUITests";
			packageProductDependencies = (
			);
			productName = "Better GatorUITests";
			productReference = C939832E2D4540BD00D53D80 /* Better GatorUITests.xctest */;
			productType = "com.apple.product-type.bundle.ui-testing";
		};
/* End PBXNativeTarget section */

/* Begin PBXProject section */
		C93983052D4540BC00D53D80 /* Project object */ = {
			isa = PBXProject;
			attributes = {
				BuildIndependentTargetsInParallel = 1;
				LastSwiftUpdateCheck = 1610;
				LastUpgradeCheck = 1610;
				TargetAttributes = {
					C939830C2D4540BC00D53D80 = {
						CreatedOnToolsVersion = 16.1;
					};
					C93983232D4540BC00D53D80 = {
						CreatedOnToolsVersion = 16.1;
						TestTargetID = C939830C2D4540BC00D53D80;
					};
					C939832D2D4540BD00D53D80 = {
						CreatedOnToolsVersion = 16.1;
						TestTargetID = C939830C2D4540BC00D53D80;
					};
				};
			};
			buildConfigurationList = C93983082D4540BC00D53D80 /* Build configuration list for PBXProject "Better Gator" */;
			developmentRegion = en;
			hasScannedForEncodings = 0;
			knownRegions = (
				en,
				Base,
			);
			mainGroup = C93983042D4540BC00D53D80;
			minimizedProjectReferenceProxies = 1;
			packageReferences = (
				5EE1850F2D45B3600037F0DB /* XCRemoteSwiftPackageReference "generative-ai-swift" */,
			);
			preferredProjectObjectVersion = 77;
			productRefGroup = C939830E2D4540BC00D53D80 /* Products */;
			projectDirPath = "";
			projectRoot = "";
			targets = (
				C939830C2D4540BC00D53D80 /* Better Gator */,
				C93983232D4540BC00D53D80 /* Better GatorTests */,
				C939832D2D4540BD00D53D80 /* Better GatorUITests */,
			);
		};
/* End PBXProject section */

/* Begin PBXResourcesBuildPhase section */
		C939830B2D4540BC00D53D80 /* Resources */ = {
			isa = PBXResourcesBuildPhase;
			buildActionMask = 2147483647;
			files = (
			);
			runOnlyForDeploymentPostprocessing = 0;
		};
		C93983222D4540BC00D53D80 /* Resources */ = {
			isa = PBXResourcesBuildPhase;
			buildActionMask = 2147483647;
			files = (
			);
			runOnlyForDeploymentPostprocessing = 0;
		};
		C939832C2D4540BD00D53D80 /* Resources */ = {
			isa = PBXResourcesBuildPhase;
			buildActionMask = 2147483647;
			files = (
			);
			runOnlyForDeploymentPostprocessing = 0;
		};
/* End PBXResourcesBuildPhase section */

/* Begin PBXSourcesBuildPhase section */
		C93983092D4540BC00D53D80 /* Sources */ = {
			isa = PBXSourcesBuildPhase;
			buildActionMask = 2147483647;
			files = (
			);
			runOnlyForDeploymentPostprocessing = 0;
		};
		C93983202D4540BC00D53D80 /* Sources */ = {
			isa = PBXSourcesBuildPhase;
			buildActionMask = 2147483647;
			files = (
			);
			runOnlyForDeploymentPostprocessing = 0;
		};
		C939832A2D4540BD00D53D80 /* Sources */ = {
			isa = PBXSourcesBuildPhase;
			buildActionMask = 2147483647;
			files = (
			);
			runOnlyForDeploymentPostprocessing = 0;
		};
/* End PBXSourcesBuildPhase section */

/* Begin PBXTargetDependency section */
		C93983262D4540BC00D53D80 /* PBXTargetDependency */ = {
			isa = PBXTargetDependency;
			target = C939830C2D4540BC00D53D80 /* Better Gator */;
			targetProxy = C93983252D4540BC00D53D80 /* PBXContainerItemProxy */;
		};
		C93983302D4540BD00D53D80 /* PBXTargetDependency */ = {
			isa = PBXTargetDependency;
			target = C939830C2D4540BC00D53D80 /* Better Gator */;
			targetProxy = C939832F2D4540BD00D53D80 /* PBXContainerItemProxy */;
		};
/* End PBXTargetDependency section */

/* Begin XCBuildConfiguration section */
		C93983382D4540BD00D53D80 /* Debug */ = {
			isa = XCBuildConfiguration;
			buildSettings = {
				ASSETCATALOG_COMPILER_APPICON_NAME = AppIcon;
				ASSETCATALOG_COMPILER_GLOBAL_ACCENT_COLOR_NAME = AccentColor;
				CODE_SIGN_ENTITLEMENTS = "Better Gator/Better_Gator.entitlements";
				CODE_SIGN_STYLE = Automatic;
				CURRENT_PROJECT_VERSION = 1;
				DEVELOPMENT_ASSET_PATHS = "\"Better Gator/Preview Content\"";
				DEVELOPMENT_TEAM = N89J7P3259;
				ENABLE_PREVIEWS = YES;
				GENERATE_INFOPLIST_FILE = YES;
				INFOPLIST_FILE = "Better Gator/Info.plist";
				INFOPLIST_KEY_UIApplicationSceneManifest_Generation = YES;
				INFOPLIST_KEY_UIApplicationSupportsIndirectInputEvents = YES;
				INFOPLIST_KEY_UILaunchScreen_Generation = YES;
				INFOPLIST_KEY_UISupportedInterfaceOrientations_iPad = "UIInterfaceOrientationPortrait UIInterfaceOrientationPortraitUpsideDown UIInterfaceOrientationLandscapeLeft UIInterfaceOrientationLandscapeRight";
				INFOPLIST_KEY_UISupportedInterfaceOrientations_iPhone = "UIInterfaceOrientationPortrait UIInterfaceOrientationLandscapeLeft UIInterfaceOrientationLandscapeRight";
				LD_RUNPATH_SEARCH_PATHS = (
					"$(inherited)",
					"@executable_path/Frameworks",
				);
				MARKETING_VERSION = 1.0;
				PRODUCT_BUNDLE_IDENTIFIER = "Gator-Gals.Better-Gator";
				PRODUCT_NAME = "$(TARGET_NAME)";
				SWIFT_EMIT_LOC_STRINGS = YES;
				SWIFT_VERSION = 5.0;
				TARGETED_DEVICE_FAMILY = "1,2";
			};
			name = Debug;
		};
		C93983392D4540BD00D53D80 /* Release */ = {
			isa = XCBuildConfiguration;
			buildSettings = {
				ASSETCATALOG_COMPILER_APPICON_NAME = AppIcon;
				ASSETCATALOG_COMPILER_GLOBAL_ACCENT_COLOR_NAME = AccentColor;
				CODE_SIGN_ENTITLEMENTS = "Better Gator/Better_Gator.entitlements";
				CODE_SIGN_STYLE = Automatic;
				CURRENT_PROJECT_VERSION = 1;
				DEVELOPMENT_ASSET_PATHS = "\"Better Gator/Preview Content\"";
				DEVELOPMENT_TEAM = N89J7P3259;
				ENABLE_PREVIEWS = YES;
				GENERATE_INFOPLIST_FILE = YES;
				INFOPLIST_FILE = "Better Gator/Info.plist";
				INFOPLIST_KEY_UIApplicationSceneManifest_Generation = YES;
				INFOPLIST_KEY_UIApplicationSupportsIndirectInputEvents = YES;
				INFOPLIST_KEY_UILaunchScreen_Generation = YES;
				INFOPLIST_KEY_UISupportedInterfaceOrientations_iPad = "UIInterfaceOrientationPortrait UIInterfaceOrientationPortraitUpsideDown UIInterfaceOrientationLandscapeLeft UIInterfaceOrientationLandscapeRight";
				INFOPLIST_KEY_UISupportedInterfaceOrientations_iPhone = "UIInterfaceOrientationPortrait UIInterfaceOrientationLandscapeLeft UIInterfaceOrientationLandscapeRight";
				LD_RUNPATH_SEARCH_PATHS = (
					"$(inherited)",
					"@executable_path/Frameworks",
				);
				MARKETING_VERSION = 1.0;
				PRODUCT_BUNDLE_IDENTIFIER = "Gator-Gals.Better-Gator";
				PRODUCT_NAME = "$(TARGET_NAME)";
				SWIFT_EMIT_LOC_STRINGS = YES;
				SWIFT_VERSION = 5.0;
				TARGETED_DEVICE_FAMILY = "1,2";
			};
			name = Release;
		};
		C939833A2D4540BD00D53D80 /* Debug */ = {
			isa = XCBuildConfiguration;
			buildSettings = {
				ALWAYS_SEARCH_USER_PATHS = NO;
				ASSETCATALOG_COMPILER_GENERATE_SWIFT_ASSET_SYMBOL_EXTENSIONS = YES;
				CLANG_ANALYZER_NONNULL = YES;
				CLANG_ANALYZER_NUMBER_OBJECT_CONVERSION = YES_AGGRESSIVE;
				CLANG_CXX_LANGUAGE_STANDARD = "gnu++20";
				CLANG_ENABLE_MODULES = YES;
				CLANG_ENABLE_OBJC_ARC = YES;
				CLANG_ENABLE_OBJC_WEAK = YES;
				CLANG_WARN_BLOCK_CAPTURE_AUTORELEASING = YES;
				CLANG_WARN_BOOL_CONVERSION = YES;
				CLANG_WARN_COMMA = YES;
				CLANG_WARN_CONSTANT_CONVERSION = YES;
				CLANG_WARN_DEPRECATED_OBJC_IMPLEMENTATIONS = YES;
				CLANG_WARN_DIRECT_OBJC_ISA_USAGE = YES_ERROR;
				CLANG_WARN_DOCUMENTATION_COMMENTS = YES;
				CLANG_WARN_EMPTY_BODY = YES;
				CLANG_WARN_ENUM_CONVERSION = YES;
				CLANG_WARN_INFINITE_RECURSION = YES;
				CLANG_WARN_INT_CONVERSION = YES;
				CLANG_WARN_NON_LITERAL_NULL_CONVERSION = YES;
				CLANG_WARN_OBJC_IMPLICIT_RETAIN_SELF = YES;
				CLANG_WARN_OBJC_LITERAL_CONVERSION = YES;
				CLANG_WARN_OBJC_ROOT_CLASS = YES_ERROR;
				CLANG_WARN_QUOTED_INCLUDE_IN_FRAMEWORK_HEADER = YES;
				CLANG_WARN_RANGE_LOOP_ANALYSIS = YES;
				CLANG_WARN_STRICT_PROTOTYPES = YES;
				CLANG_WARN_SUSPICIOUS_MOVE = YES;
				CLANG_WARN_UNGUARDED_AVAILABILITY = YES_AGGRESSIVE;
				CLANG_WARN_UNREACHABLE_CODE = YES;
				CLANG_WARN__DUPLICATE_METHOD_MATCH = YES;
				COPY_PHASE_STRIP = NO;
				DEBUG_INFORMATION_FORMAT = dwarf;
				ENABLE_STRICT_OBJC_MSGSEND = YES;
				ENABLE_TESTABILITY = YES;
				ENABLE_USER_SCRIPT_SANDBOXING = YES;
				GCC_C_LANGUAGE_STANDARD = gnu17;
				GCC_DYNAMIC_NO_PIC = NO;
				GCC_NO_COMMON_BLOCKS = YES;
				GCC_OPTIMIZATION_LEVEL = 0;
				GCC_PREPROCESSOR_DEFINITIONS = (
					"DEBUG=1",
					"$(inherited)",
				);
				GCC_WARN_64_TO_32_BIT_CONVERSION = YES;
				GCC_WARN_ABOUT_RETURN_TYPE = YES_ERROR;
				GCC_WARN_UNDECLARED_SELECTOR = YES;
				GCC_WARN_UNINITIALIZED_AUTOS = YES_AGGRESSIVE;
				GCC_WARN_UNUSED_FUNCTION = YES;
				GCC_WARN_UNUSED_VARIABLE = YES;
				IPHONEOS_DEPLOYMENT_TARGET = 18.1;
				LOCALIZATION_PREFERS_STRING_CATALOGS = YES;
				MTL_ENABLE_DEBUG_INFO = INCLUDE_SOURCE;
				MTL_FAST_MATH = YES;
				ONLY_ACTIVE_ARCH = YES;
				SDKROOT = iphoneos;
				SWIFT_ACTIVE_COMPILATION_CONDITIONS = "DEBUG $(inherited)";
				SWIFT_OPTIMIZATION_LEVEL = "-Onone";
			};
			name = Debug;
		};
		C939833B2D4540BD00D53D80 /* Release */ = {
			isa = XCBuildConfiguration;
			buildSettings = {
				ALWAYS_SEARCH_USER_PATHS = NO;
				ASSETCATALOG_COMPILER_GENERATE_SWIFT_ASSET_SYMBOL_EXTENSIONS = YES;
				CLANG_ANALYZER_NONNULL = YES;
				CLANG_ANALYZER_NUMBER_OBJECT_CONVERSION = YES_AGGRESSIVE;
				CLANG_CXX_LANGUAGE_STANDARD = "gnu++20";
				CLANG_ENABLE_MODULES = YES;
				CLANG_ENABLE_OBJC_ARC = YES;
				CLANG_ENABLE_OBJC_WEAK = YES;
				CLANG_WARN_BLOCK_CAPTURE_AUTORELEASING = YES;
				CLANG_WARN_BOOL_CONVERSION = YES;
				CLANG_WARN_COMMA = YES;
				CLANG_WARN_CONSTANT_CONVERSION = YES;
				CLANG_WARN_DEPRECATED_OBJC_IMPLEMENTATIONS = YES;
				CLANG_WARN_DIRECT_OBJC_ISA_USAGE = YES_ERROR;
				CLANG_WARN_DOCUMENTATION_COMMENTS = YES;
				CLANG_WARN_EMPTY_BODY = YES;
				CLANG_WARN_ENUM_CONVERSION = YES;
				CLANG_WARN_INFINITE_RECURSION = YES;
				CLANG_WARN_INT_CONVERSION = YES;
				CLANG_WARN_NON_LITERAL_NULL_CONVERSION = YES;
				CLANG_WARN_OBJC_IMPLICIT_RETAIN_SELF = YES;
				CLANG_WARN_OBJC_LITERAL_CONVERSION = YES;
				CLANG_WARN_OBJC_ROOT_CLASS = YES_ERROR;
				CLANG_WARN_QUOTED_INCLUDE_IN_FRAMEWORK_HEADER = YES;
				CLANG_WARN_RANGE_LOOP_ANALYSIS = YES;
				CLANG_WARN_STRICT_PROTOTYPES = YES;
				CLANG_WARN_SUSPICIOUS_MOVE = YES;
				CLANG_WARN_UNGUARDED_AVAILABILITY = YES_AGGRESSIVE;
				CLANG_WARN_UNREACHABLE_CODE = YES;
				CLANG_WARN__DUPLICATE_METHOD_MATCH = YES;
				COPY_PHASE_STRIP = NO;
				DEBUG_INFORMATION_FORMAT = "dwarf-with-dsym";
				ENABLE_NS_ASSERTIONS = NO;
				ENABLE_STRICT_OBJC_MSGSEND = YES;
				ENABLE_USER_SCRIPT_SANDBOXING = YES;
				GCC_C_LANGUAGE_STANDARD = gnu17;
				GCC_NO_COMMON_BLOCKS = YES;
				GCC_WARN_64_TO_32_BIT_CONVERSION = YES;
				GCC_WARN_ABOUT_RETURN_TYPE = YES_ERROR;
				GCC_WARN_UNDECLARED_SELECTOR = YES;
				GCC_WARN_UNINITIALIZED_AUTOS = YES_AGGRESSIVE;
				GCC_WARN_UNUSED_FUNCTION = YES;
				GCC_WARN_UNUSED_VARIABLE = YES;
				IPHONEOS_DEPLOYMENT_TARGET = 18.1;
				LOCALIZATION_PREFERS_STRING_CATALOGS = YES;
				MTL_ENABLE_DEBUG_INFO = NO;
				MTL_FAST_MATH = YES;
				SDKROOT = iphoneos;
				SWIFT_COMPILATION_MODE = wholemodule;
				VALIDATE_PRODUCT = YES;
			};
			name = Release;
		};
		C939833D2D4540BD00D53D80 /* Debug */ = {
			isa = XCBuildConfiguration;
			buildSettings = {
				BUNDLE_LOADER = "$(TEST_HOST)";
				CODE_SIGN_STYLE = Automatic;
				CURRENT_PROJECT_VERSION = 1;
				DEVELOPMENT_TEAM = N89J7P3259;
				GENERATE_INFOPLIST_FILE = YES;
				IPHONEOS_DEPLOYMENT_TARGET = 18.1;
				MARKETING_VERSION = 1.0;
				PRODUCT_BUNDLE_IDENTIFIER = "Gator-Gals.Better-GatorTests";
				PRODUCT_NAME = "$(TARGET_NAME)";
				SWIFT_EMIT_LOC_STRINGS = NO;
				SWIFT_VERSION = 5.0;
				TARGETED_DEVICE_FAMILY = "1,2";
				TEST_HOST = "$(BUILT_PRODUCTS_DIR)/Better Gator.app/$(BUNDLE_EXECUTABLE_FOLDER_PATH)/Better Gator";
			};
			name = Debug;
		};
		C939833E2D4540BD00D53D80 /* Release */ = {
			isa = XCBuildConfiguration;
			buildSettings = {
				BUNDLE_LOADER = "$(TEST_HOST)";
				CODE_SIGN_STYLE = Automatic;
				CURRENT_PROJECT_VERSION = 1;
				DEVELOPMENT_TEAM = N89J7P3259;
				GENERATE_INFOPLIST_FILE = YES;
				IPHONEOS_DEPLOYMENT_TARGET = 18.1;
				MARKETING_VERSION = 1.0;
				PRODUCT_BUNDLE_IDENTIFIER = "Gator-Gals.Better-GatorTests";
				PRODUCT_NAME = "$(TARGET_NAME)";
				SWIFT_EMIT_LOC_STRINGS = NO;
				SWIFT_VERSION = 5.0;
				TARGETED_DEVICE_FAMILY = "1,2";
				TEST_HOST = "$(BUILT_PRODUCTS_DIR)/Better Gator.app/$(BUNDLE_EXECUTABLE_FOLDER_PATH)/Better Gator";
			};
			name = Release;
		};
		C93983402D4540BD00D53D80 /* Debug */ = {
			isa = XCBuildConfiguration;
			buildSettings = {
				CODE_SIGN_STYLE = Automatic;
				CURRENT_PROJECT_VERSION = 1;
				DEVELOPMENT_TEAM = N89J7P3259;
				GENERATE_INFOPLIST_FILE = YES;
				MARKETING_VERSION = 1.0;
				PRODUCT_BUNDLE_IDENTIFIER = "Gator-Gals.Better-GatorUITests";
				PRODUCT_NAME = "$(TARGET_NAME)";
				SWIFT_EMIT_LOC_STRINGS = NO;
				SWIFT_VERSION = 5.0;
				TARGETED_DEVICE_FAMILY = "1,2";
				TEST_TARGET_NAME = "Better Gator";
			};
			name = Debug;
		};
		C93983412D4540BD00D53D80 /* Release */ = {
			isa = XCBuildConfiguration;
			buildSettings = {
				CODE_SIGN_STYLE = Automatic;
				CURRENT_PROJECT_VERSION = 1;
				DEVELOPMENT_TEAM = N89J7P3259;
				GENERATE_INFOPLIST_FILE = YES;
				MARKETING_VERSION = 1.0;
				PRODUCT_BUNDLE_IDENTIFIER = "Gator-Gals.Better-GatorUITests";
				PRODUCT_NAME = "$(TARGET_NAME)";
				SWIFT_EMIT_LOC_STRINGS = NO;
				SWIFT_VERSION = 5.0;
				TARGETED_DEVICE_FAMILY = "1,2";
				TEST_TARGET_NAME = "Better Gator";
			};
			name = Release;
		};
/* End XCBuildConfiguration section */

/* Begin XCConfigurationList section */
		C93983082D4540BC00D53D80 /* Build configuration list for PBXProject "Better Gator" */ = {
			isa = XCConfigurationList;
			buildConfigurations = (
				C939833A2D4540BD00D53D80 /* Debug */,
				C939833B2D4540BD00D53D80 /* Release */,
			);
			defaultConfigurationIsVisible = 0;
			defaultConfigurationName = Release;
		};
		C93983372D4540BD00D53D80 /* Build configuration list for PBXNativeTarget "Better Gator" */ = {
			isa = XCConfigurationList;
			buildConfigurations = (
				C93983382D4540BD00D53D80 /* Debug */,
				C93983392D4540BD00D53D80 /* Release */,
			);
			defaultConfigurationIsVisible = 0;
			defaultConfigurationName = Release;
		};
		C939833C2D4540BD00D53D80 /* Build configuration list for PBXNativeTarget "Better GatorTests" */ = {
			isa = XCConfigurationList;
			buildConfigurations = (
				C939833D2D4540BD00D53D80 /* Debug */,
				C939833E2D4540BD00D53D80 /* Release */,
			);
			defaultConfigurationIsVisible = 0;
			defaultConfigurationName = Release;
		};
		C939833F2D4540BD00D53D80 /* Build configuration list for PBXNativeTarget "Better GatorUITests" */ = {
			isa = XCConfigurationList;
			buildConfigurations = (
				C93983402D4540BD00D53D80 /* Debug */,
				C93983412D4540BD00D53D80 /* Release */,
			);
			defaultConfigurationIsVisible = 0;
			defaultConfigurationName = Release;
		};
/* End XCConfigurationList section */

/* Begin XCRemoteSwiftPackageReference section */
		5EE1850F2D45B3600037F0DB /* XCRemoteSwiftPackageReference "generative-ai-swift" */ = {
			isa = XCRemoteSwiftPackageReference;
			repositoryURL = "https://github.com/google/generative-ai-swift";
			requirement = {
				kind = upToNextMajorVersion;
				minimumVersion = 0.5.6;
			};
		};
/* End XCRemoteSwiftPackageReference section */

/* Begin XCSwiftPackageProductDependency section */
		5EE185102D45B3600037F0DB /* GoogleGenerativeAI */ = {
			isa = XCSwiftPackageProductDependency;
			package = 5EE1850F2D45B3600037F0DB /* XCRemoteSwiftPackageReference "generative-ai-swift" */;
			productName = GoogleGenerativeAI;
		};
/* End XCSwiftPackageProductDependency section */
	};
	rootObject = C93983052D4540BC00D53D80 /* Project object */;
}
